// !$*UTF8*$!
{
	archiveVersion = 1;
	classes = {
	};
	objectVersion = 50;
	objects = {

/* Begin PBXBuildFile section */
		D45DDF992701FB5300BEE28E /* AppDelegate.swift in Sources */ = {isa = PBXBuildFile; fileRef = D45DDF982701FB5300BEE28E /* AppDelegate.swift */; };
		D45DDF9B2701FB5300BEE28E /* SceneDelegate.swift in Sources */ = {isa = PBXBuildFile; fileRef = D45DDF9A2701FB5300BEE28E /* SceneDelegate.swift */; };
		D45DDF9D2701FB5300BEE28E /* ViewController.swift in Sources */ = {isa = PBXBuildFile; fileRef = D45DDF9C2701FB5300BEE28E /* ViewController.swift */; };
		D45DDFA02701FB5300BEE28E /* Main.storyboard in Resources */ = {isa = PBXBuildFile; fileRef = D45DDF9E2701FB5300BEE28E /* Main.storyboard */; };
		D45DDFA22701FB5400BEE28E /* Assets.xcassets in Resources */ = {isa = PBXBuildFile; fileRef = D45DDFA12701FB5400BEE28E /* Assets.xcassets */; };
		D45DDFA52701FB5400BEE28E /* LaunchScreen.storyboard in Resources */ = {isa = PBXBuildFile; fileRef = D45DDFA32701FB5400BEE28E /* LaunchScreen.storyboard */; };
		D45DDFB02701FB5500BEE28E /* ToDo_ListTests.swift in Sources */ = {isa = PBXBuildFile; fileRef = D45DDFAF2701FB5500BEE28E /* ToDo_ListTests.swift */; };
		D45DDFBB2701FB5500BEE28E /* ToDo_ListUITests.swift in Sources */ = {isa = PBXBuildFile; fileRef = D45DDFBA2701FB5500BEE28E /* ToDo_ListUITests.swift */; };
/* End PBXBuildFile section */

/* Begin PBXContainerItemProxy section */
		D45DDFAC2701FB5500BEE28E /* PBXContainerItemProxy */ = {
			isa = PBXContainerItemProxy;
			containerPortal = D45DDF8D2701FB5300BEE28E /* Project object */;
			proxyType = 1;
			remoteGlobalIDString = D45DDF942701FB5300BEE28E;
			remoteInfo = "ToDo List";
		};
		D45DDFB72701FB5500BEE28E /* PBXContainerItemProxy */ = {
			isa = PBXContainerItemProxy;
			containerPortal = D45DDF8D2701FB5300BEE28E /* Project object */;
			proxyType = 1;
			remoteGlobalIDString = D45DDF942701FB5300BEE28E;
			remoteInfo = "ToDo List";
		};
/* End PBXContainerItemProxy section */

/* Begin PBXFileReference section */
		D45DDF952701FB5300BEE28E /* ToDo List.app */ = {isa = PBXFileReference; explicitFileType = wrapper.application; includeInIndex = 0; path = "ToDo List.app"; sourceTree = BUILT_PRODUCTS_DIR; };
		D45DDF982701FB5300BEE28E /* AppDelegate.swift */ = {isa = PBXFileReference; lastKnownFileType = sourcecode.swift; path = AppDelegate.swift; sourceTree = "<group>"; };
		D45DDF9A2701FB5300BEE28E /* SceneDelegate.swift */ = {isa = PBXFileReference; lastKnownFileType = sourcecode.swift; path = SceneDelegate.swift; sourceTree = "<group>"; };
		D45DDF9C2701FB5300BEE28E /* ViewController.swift */ = {isa = PBXFileReference; lastKnownFileType = sourcecode.swift; path = ViewController.swift; sourceTree = "<group>"; };
		D45DDF9F2701FB5300BEE28E /* Base */ = {isa = PBXFileReference; lastKnownFileType = file.storyboard; name = Base; path = Base.lproj/Main.storyboard; sourceTree = "<group>"; };
		D45DDFA12701FB5400BEE28E /* Assets.xcassets */ = {isa = PBXFileReference; lastKnownFileType = folder.assetcatalog; path = Assets.xcassets; sourceTree = "<group>"; };
		D45DDFA42701FB5400BEE28E /* Base */ = {isa = PBXFileReference; lastKnownFileType = file.storyboard; name = Base; path = Base.lproj/LaunchScreen.storyboard; sourceTree = "<group>"; };
		D45DDFA62701FB5400BEE28E /* Info.plist */ = {isa = PBXFileReference; lastKnownFileType = text.plist.xml; path = Info.plist; sourceTree = "<group>"; };
		D45DDFAB2701FB5500BEE28E /* ToDo ListTests.xctest */ = {isa = PBXFileReference; explicitFileType = wrapper.cfbundle; includeInIndex = 0; path = "ToDo ListTests.xctest"; sourceTree = BUILT_PRODUCTS_DIR; };
		D45DDFAF2701FB5500BEE28E /* ToDo_ListTests.swift */ = {isa = PBXFileReference; lastKnownFileType = sourcecode.swift; path = ToDo_ListTests.swift; sourceTree = "<group>"; };
		D45DDFB12701FB5500BEE28E /* Info.plist */ = {isa = PBXFileReference; lastKnownFileType = text.plist.xml; path = Info.plist; sourceTree = "<group>"; };
		D45DDFB62701FB5500BEE28E /* ToDo ListUITests.xctest */ = {isa = PBXFileReference; explicitFileType = wrapper.cfbundle; includeInIndex = 0; path = "ToDo ListUITests.xctest"; sourceTree = BUILT_PRODUCTS_DIR; };
		D45DDFBA2701FB5500BEE28E /* ToDo_ListUITests.swift */ = {isa = PBXFileReference; lastKnownFileType = sourcecode.swift; path = ToDo_ListUITests.swift; sourceTree = "<group>"; };
		D45DDFBC2701FB5500BEE28E /* Info.plist */ = {isa = PBXFileReference; lastKnownFileType = text.plist.xml; path = Info.plist; sourceTree = "<group>"; };
/* End PBXFileReference section */

/* Begin PBXFrameworksBuildPhase section */
		D45DDF922701FB5300BEE28E /* Frameworks */ = {
			isa = PBXFrameworksBuildPhase;
			buildActionMask = 2147483647;
			files = (
			);
			runOnlyForDeploymentPostprocessing = 0;
		};
		D45DDFA82701FB5500BEE28E /* Frameworks */ = {
			isa = PBXFrameworksBuildPhase;
			buildActionMask = 2147483647;
			files = (
			);
			runOnlyForDeploymentPostprocessing = 0;
		};
		D45DDFB32701FB5500BEE28E /* Frameworks */ = {
			isa = PBXFrameworksBuildPhase;
			buildActionMask = 2147483647;
			files = (
			);
			runOnlyForDeploymentPostprocessing = 0;
		};
/* End PBXFrameworksBuildPhase section */

/* Begin PBXGroup section */
		D45DDF8C2701FB5300BEE28E = {
			isa = PBXGroup;
			children = (
				D45DDF972701FB5300BEE28E /* ToDo List */,
				D45DDFAE2701FB5500BEE28E /* ToDo ListTests */,
				D45DDFB92701FB5500BEE28E /* ToDo ListUITests */,
				D45DDF962701FB5300BEE28E /* Products */,
			);
			sourceTree = "<group>";
		};
		D45DDF962701FB5300BEE28E /* Products */ = {
			isa = PBXGroup;
			children = (
				D45DDF952701FB5300BEE28E /* ToDo List.app */,
				D45DDFAB2701FB5500BEE28E /* ToDo ListTests.xctest */,
				D45DDFB62701FB5500BEE28E /* ToDo ListUITests.xctest */,
			);
			name = Products;
			sourceTree = "<group>";
		};
		D45DDF972701FB5300BEE28E /* ToDo List */ = {
			isa = PBXGroup;
			children = (
				D45DDF982701FB5300BEE28E /* AppDelegate.swift */,
				D45DDF9A2701FB5300BEE28E /* SceneDelegate.swift */,
				D45DDF9C2701FB5300BEE28E /* ViewController.swift */,
				D45DDF9E2701FB5300BEE28E /* Main.storyboard */,
				D45DDFA12701FB5400BEE28E /* Assets.xcassets */,
				D45DDFA32701FB5400BEE28E /* LaunchScreen.storyboard */,
				D45DDFA62701FB5400BEE28E /* Info.plist */,
			);
			path = "ToDo List";
			sourceTree = "<group>";
		};
		D45DDFAE2701FB5500BEE28E /* ToDo ListTests */ = {
			isa = PBXGroup;
			children = (
				D45DDFAF2701FB5500BEE28E /* ToDo_ListTests.swift */,
				D45DDFB12701FB5500BEE28E /* Info.plist */,
			);
			path = "ToDo ListTests";
			sourceTree = "<group>";
		};
		D45DDFB92701FB5500BEE28E /* ToDo ListUITests */ = {
			isa = PBXGroup;
			children = (
				D45DDFBA2701FB5500BEE28E /* ToDo_ListUITests.swift */,
				D45DDFBC2701FB5500BEE28E /* Info.plist */,
			);
			path = "ToDo ListUITests";
			sourceTree = "<group>";
		};
/* End PBXGroup section */

/* Begin PBXNativeTarget section */
		D45DDF942701FB5300BEE28E /* ToDo List */ = {
			isa = PBXNativeTarget;
			buildConfigurationList = D45DDFBF2701FB5500BEE28E /* Build configuration list for PBXNativeTarget "ToDo List" */;
			buildPhases = (
				D45DDF912701FB5300BEE28E /* Sources */,
				D45DDF922701FB5300BEE28E /* Frameworks */,
				D45DDF932701FB5300BEE28E /* Resources */,
			);
			buildRules = (
			);
			dependencies = (
			);
			name = "ToDo List";
			productName = "ToDo List";
			productReference = D45DDF952701FB5300BEE28E /* ToDo List.app */;
			productType = "com.apple.product-type.application";
		};
		D45DDFAA2701FB5500BEE28E /* ToDo ListTests */ = {
			isa = PBXNativeTarget;
			buildConfigurationList = D45DDFC22701FB5500BEE28E /* Build configuration list for PBXNativeTarget "ToDo ListTests" */;
			buildPhases = (
				D45DDFA72701FB5500BEE28E /* Sources */,
				D45DDFA82701FB5500BEE28E /* Frameworks */,
				D45DDFA92701FB5500BEE28E /* Resources */,
			);
			buildRules = (
			);
			dependencies = (
				D45DDFAD2701FB5500BEE28E /* PBXTargetDependency */,
			);
			name = "ToDo ListTests";
			productName = "ToDo ListTests";
			productReference = D45DDFAB2701FB5500BEE28E /* ToDo ListTests.xctest */;
			productType = "com.apple.product-type.bundle.unit-test";
		};
		D45DDFB52701FB5500BEE28E /* ToDo ListUITests */ = {
			isa = PBXNativeTarget;
			buildConfigurationList = D45DDFC52701FB5500BEE28E /* Build configuration list for PBXNativeTarget "ToDo ListUITests" */;
			buildPhases = (
				D45DDFB22701FB5500BEE28E /* Sources */,
				D45DDFB32701FB5500BEE28E /* Frameworks */,
				D45DDFB42701FB5500BEE28E /* Resources */,
			);
			buildRules = (
			);
			dependencies = (
				D45DDFB82701FB5500BEE28E /* PBXTargetDependency */,
			);
			name = "ToDo ListUITests";
			productName = "ToDo ListUITests";
			productReference = D45DDFB62701FB5500BEE28E /* ToDo ListUITests.xctest */;
			productType = "com.apple.product-type.bundle.ui-testing";
		};
/* End PBXNativeTarget section */

/* Begin PBXProject section */
		D45DDF8D2701FB5300BEE28E /* Project object */ = {
			isa = PBXProject;
			attributes = {
				LastSwiftUpdateCheck = 1250;
				LastUpgradeCheck = 1250;
				TargetAttributes = {
					D45DDF942701FB5300BEE28E = {
						CreatedOnToolsVersion = 12.5.1;
					};
					D45DDFAA2701FB5500BEE28E = {
						CreatedOnToolsVersion = 12.5.1;
						TestTargetID = D45DDF942701FB5300BEE28E;
					};
					D45DDFB52701FB5500BEE28E = {
						CreatedOnToolsVersion = 12.5.1;
						TestTargetID = D45DDF942701FB5300BEE28E;
					};
				};
			};
			buildConfigurationList = D45DDF902701FB5300BEE28E /* Build configuration list for PBXProject "ToDo List" */;
			compatibilityVersion = "Xcode 9.3";
			developmentRegion = en;
			hasScannedForEncodings = 0;
			knownRegions = (
				en,
				Base,
			);
			mainGroup = D45DDF8C2701FB5300BEE28E;
			productRefGroup = D45DDF962701FB5300BEE28E /* Products */;
			projectDirPath = "";
			projectRoot = "";
			targets = (
				D45DDF942701FB5300BEE28E /* ToDo List */,
				D45DDFAA2701FB5500BEE28E /* ToDo ListTests */,
				D45DDFB52701FB5500BEE28E /* ToDo ListUITests */,
			);
		};
/* End PBXProject section */

/* Begin PBXResourcesBuildPhase section */
		D45DDF932701FB5300BEE28E /* Resources */ = {
			isa = PBXResourcesBuildPhase;
			buildActionMask = 2147483647;
			files = (
				D45DDFA52701FB5400BEE28E /* LaunchScreen.storyboard in Resources */,
				D45DDFA22701FB5400BEE28E /* Assets.xcassets in Resources */,
				D45DDFA02701FB5300BEE28E /* Main.storyboard in Resources */,
			);
			runOnlyForDeploymentPostprocessing = 0;
		};
		D45DDFA92701FB5500BEE28E /* Resources */ = {
			isa = PBXResourcesBuildPhase;
			buildActionMask = 2147483647;
			files = (
			);
			runOnlyForDeploymentPostprocessing = 0;
		};
		D45DDFB42701FB5500BEE28E /* Resources */ = {
			isa = PBXResourcesBuildPhase;
			buildActionMask = 2147483647;
			files = (
			);
			runOnlyForDeploymentPostprocessing = 0;
		};
/* End PBXResourcesBuildPhase section */

/* Begin PBXSourcesBuildPhase section */
		D45DDF912701FB5300BEE28E /* Sources */ = {
			isa = PBXSourcesBuildPhase;
			buildActionMask = 2147483647;
			files = (
				D45DDF9D2701FB5300BEE28E /* ViewController.swift in Sources */,
				D45DDF992701FB5300BEE28E /* AppDelegate.swift in Sources */,
				D45DDF9B2701FB5300BEE28E /* SceneDelegate.swift in Sources */,
			);
			runOnlyForDeploymentPostprocessing = 0;
		};
		D45DDFA72701FB5500BEE28E /* Sources */ = {
			isa = PBXSourcesBuildPhase;
			buildActionMask = 2147483647;
			files = (
				D45DDFB02701FB5500BEE28E /* ToDo_ListTests.swift in Sources */,
			);
			runOnlyForDeploymentPostprocessing = 0;
		};
		D45DDFB22701FB5500BEE28E /* Sources */ = {
			isa = PBXSourcesBuildPhase;
			buildActionMask = 2147483647;
			files = (
				D45DDFBB2701FB5500BEE28E /* ToDo_ListUITests.swift in Sources */,
			);
			runOnlyForDeploymentPostprocessing = 0;
		};
/* End PBXSourcesBuildPhase section */

/* Begin PBXTargetDependency section */
		D45DDFAD2701FB5500BEE28E /* PBXTargetDependency */ = {
			isa = PBXTargetDependency;
			target = D45DDF942701FB5300BEE28E /* ToDo List */;
			targetProxy = D45DDFAC2701FB5500BEE28E /* PBXContainerItemProxy */;
		};
		D45DDFB82701FB5500BEE28E /* PBXTargetDependency */ = {
			isa = PBXTargetDependency;
			target = D45DDF942701FB5300BEE28E /* ToDo List */;
			targetProxy = D45DDFB72701FB5500BEE28E /* PBXContainerItemProxy */;
		};
/* End PBXTargetDependency section */

/* Begin PBXVariantGroup section */
		D45DDF9E2701FB5300BEE28E /* Main.storyboard */ = {
			isa = PBXVariantGroup;
			children = (
				D45DDF9F2701FB5300BEE28E /* Base */,
			);
			name = Main.storyboard;
			sourceTree = "<group>";
		};
		D45DDFA32701FB5400BEE28E /* LaunchScreen.storyboard */ = {
			isa = PBXVariantGroup;
			children = (
				D45DDFA42701FB5400BEE28E /* Base */,
			);
			name = LaunchScreen.storyboard;
			sourceTree = "<group>";
		};
/* End PBXVariantGroup section */

/* Begin XCBuildConfiguration section */
		D45DDFBD2701FB5500BEE28E /* Debug */ = {
			isa = XCBuildConfiguration;
			buildSettings = {
				ALWAYS_SEARCH_USER_PATHS = NO;
				CLANG_ANALYZER_NONNULL = YES;
				CLANG_ANALYZER_NUMBER_OBJECT_CONVERSION = YES_AGGRESSIVE;
				CLANG_CXX_LANGUAGE_STANDARD = "gnu++14";
				CLANG_CXX_LIBRARY = "libc++";
				CLANG_ENABLE_MODULES = YES;
				CLANG_ENABLE_OBJC_ARC = YES;
				CLANG_ENABLE_OBJC_WEAK = YES;
				CLANG_WARN_BLOCK_CAPTURE_AUTORELEASING = YES;
				CLANG_WARN_BOOL_CONVERSION = YES;
				CLANG_WARN_COMMA = YES;
				CLANG_WARN_CONSTANT_CONVERSION = YES;
				CLANG_WARN_DEPRECATED_OBJC_IMPLEMENTATIONS = YES;
				CLANG_WARN_DIRECT_OBJC_ISA_USAGE = YES_ERROR;
				CLANG_WARN_DOCUMENTATION_COMMENTS = YES;
				CLANG_WARN_EMPTY_BODY = YES;
				CLANG_WARN_ENUM_CONVERSION = YES;
				CLANG_WARN_INFINITE_RECURSION = YES;
				CLANG_WARN_INT_CONVERSION = YES;
				CLANG_WARN_NON_LITERAL_NULL_CONVERSION = YES;
				CLANG_WARN_OBJC_IMPLICIT_RETAIN_SELF = YES;
				CLANG_WARN_OBJC_LITERAL_CONVERSION = YES;
				CLANG_WARN_OBJC_ROOT_CLASS = YES_ERROR;
				CLANG_WARN_QUOTED_INCLUDE_IN_FRAMEWORK_HEADER = YES;
				CLANG_WARN_RANGE_LOOP_ANALYSIS = YES;
				CLANG_WARN_STRICT_PROTOTYPES = YES;
				CLANG_WARN_SUSPICIOUS_MOVE = YES;
				CLANG_WARN_UNGUARDED_AVAILABILITY = YES_AGGRESSIVE;
				CLANG_WARN_UNREACHABLE_CODE = YES;
				CLANG_WARN__DUPLICATE_METHOD_MATCH = YES;
				COPY_PHASE_STRIP = NO;
				DEBUG_INFORMATION_FORMAT = dwarf;
				ENABLE_STRICT_OBJC_MSGSEND = YES;
				ENABLE_TESTABILITY = YES;
				GCC_C_LANGUAGE_STANDARD = gnu11;
				GCC_DYNAMIC_NO_PIC = NO;
				GCC_NO_COMMON_BLOCKS = YES;
				GCC_OPTIMIZATION_LEVEL = 0;
				GCC_PREPROCESSOR_DEFINITIONS = (
					"DEBUG=1",
					"$(inherited)",
				);
				GCC_WARN_64_TO_32_BIT_CONVERSION = YES;
				GCC_WARN_ABOUT_RETURN_TYPE = YES_ERROR;
				GCC_WARN_UNDECLARED_SELECTOR = YES;
				GCC_WARN_UNINITIALIZED_AUTOS = YES_AGGRESSIVE;
				GCC_WARN_UNUSED_FUNCTION = YES;
				GCC_WARN_UNUSED_VARIABLE = YES;
				IPHONEOS_DEPLOYMENT_TARGET = 14.5;
				MTL_ENABLE_DEBUG_INFO = INCLUDE_SOURCE;
				MTL_FAST_MATH = YES;
				ONLY_ACTIVE_ARCH = YES;
				SDKROOT = iphoneos;
				SWIFT_ACTIVE_COMPILATION_CONDITIONS = DEBUG;
				SWIFT_OPTIMIZATION_LEVEL = "-Onone";
			};
			name = Debug;
		};
		D45DDFBE2701FB5500BEE28E /* Release */ = {
			isa = XCBuildConfiguration;
			buildSettings = {
				ALWAYS_SEARCH_USER_PATHS = NO;
				CLANG_ANALYZER_NONNULL = YES;
				CLANG_ANALYZER_NUMBER_OBJECT_CONVERSION = YES_AGGRESSIVE;
				CLANG_CXX_LANGUAGE_STANDARD = "gnu++14";
				CLANG_CXX_LIBRARY = "libc++";
				CLANG_ENABLE_MODULES = YES;
				CLANG_ENABLE_OBJC_ARC = YES;
				CLANG_ENABLE_OBJC_WEAK = YES;
				CLANG_WARN_BLOCK_CAPTURE_AUTORELEASING = YES;
				CLANG_WARN_BOOL_CONVERSION = YES;
				CLANG_WARN_COMMA = YES;
				CLANG_WARN_CONSTANT_CONVERSION = YES;
				CLANG_WARN_DEPRECATED_OBJC_IMPLEMENTATIONS = YES;
				CLANG_WARN_DIRECT_OBJC_ISA_USAGE = YES_ERROR;
				CLANG_WARN_DOCUMENTATION_COMMENTS = YES;
				CLANG_WARN_EMPTY_BODY = YES;
				CLANG_WARN_ENUM_CONVERSION = YES;
				CLANG_WARN_INFINITE_RECURSION = YES;
				CLANG_WARN_INT_CONVERSION = YES;
				CLANG_WARN_NON_LITERAL_NULL_CONVERSION = YES;
				CLANG_WARN_OBJC_IMPLICIT_RETAIN_SELF = YES;
				CLANG_WARN_OBJC_LITERAL_CONVERSION = YES;
				CLANG_WARN_OBJC_ROOT_CLASS = YES_ERROR;
				CLANG_WARN_QUOTED_INCLUDE_IN_FRAMEWORK_HEADER = YES;
				CLANG_WARN_RANGE_LOOP_ANALYSIS = YES;
				CLANG_WARN_STRICT_PROTOTYPES = YES;
				CLANG_WARN_SUSPICIOUS_MOVE = YES;
				CLANG_WARN_UNGUARDED_AVAILABILITY = YES_AGGRESSIVE;
				CLANG_WARN_UNREACHABLE_CODE = YES;
				CLANG_WARN__DUPLICATE_METHOD_MATCH = YES;
				COPY_PHASE_STRIP = NO;
				DEBUG_INFORMATION_FORMAT = "dwarf-with-dsym";
				ENABLE_NS_ASSERTIONS = NO;
				ENABLE_STRICT_OBJC_MSGSEND = YES;
				GCC_C_LANGUAGE_STANDARD = gnu11;
				GCC_NO_COMMON_BLOCKS = YES;
				GCC_WARN_64_TO_32_BIT_CONVERSION = YES;
				GCC_WARN_ABOUT_RETURN_TYPE = YES_ERROR;
				GCC_WARN_UNDECLARED_SELECTOR = YES;
				GCC_WARN_UNINITIALIZED_AUTOS = YES_AGGRESSIVE;
				GCC_WARN_UNUSED_FUNCTION = YES;
				GCC_WARN_UNUSED_VARIABLE = YES;
				IPHONEOS_DEPLOYMENT_TARGET = 14.5;
				MTL_ENABLE_DEBUG_INFO = NO;
				MTL_FAST_MATH = YES;
				SDKROOT = iphoneos;
				SWIFT_COMPILATION_MODE = wholemodule;
				SWIFT_OPTIMIZATION_LEVEL = "-O";
				VALIDATE_PRODUCT = YES;
			};
			name = Release;
		};
		D45DDFC02701FB5500BEE28E /* Debug */ = {
			isa = XCBuildConfiguration;
			buildSettings = {
				ASSETCATALOG_COMPILER_APPICON_NAME = AppIcon;
				ASSETCATALOG_COMPILER_GLOBAL_ACCENT_COLOR_NAME = AccentColor;
				CODE_SIGN_STYLE = Automatic;
				DEVELOPMENT_TEAM = H994GCMXG7;
				INFOPLIST_FILE = "ToDo List/Info.plist";
				LD_RUNPATH_SEARCH_PATHS = (
					"$(inherited)",
					"@executable_path/Frameworks",
				);
				PRODUCT_BUNDLE_IDENTIFIER = "gage.ToDo-List";
				PRODUCT_NAME = "$(TARGET_NAME)";
				SWIFT_VERSION = 5.0;
				TARGETED_DEVICE_FAMILY = "1,2";
			};
			name = Debug;
		};
		D45DDFC12701FB5500BEE28E /* Release */ = {
			isa = XCBuildConfiguration;
			buildSettings = {
				ASSETCATALOG_COMPILER_APPICON_NAME = AppIcon;
				ASSETCATALOG_COMPILER_GLOBAL_ACCENT_COLOR_NAME = AccentColor;
				CODE_SIGN_STYLE = Automatic;
				DEVELOPMENT_TEAM = H994GCMXG7;
				INFOPLIST_FILE = "ToDo List/Info.plist";
				LD_RUNPATH_SEARCH_PATHS = (
					"$(inherited)",
					"@executable_path/Frameworks",
				);
				PRODUCT_BUNDLE_IDENTIFIER = "gage.ToDo-List";
				PRODUCT_NAME = "$(TARGET_NAME)";
				SWIFT_VERSION = 5.0;
				TARGETED_DEVICE_FAMILY = "1,2";
			};
			name = Release;
		};
		D45DDFC32701FB5500BEE28E /* Debug */ = {
			isa = XCBuildConfiguration;
			buildSettings = {
				ALWAYS_EMBED_SWIFT_STANDARD_LIBRARIES = YES;
				BUNDLE_LOADER = "$(TEST_HOST)";
				CODE_SIGN_STYLE = Automatic;
				DEVELOPMENT_TEAM = H994GCMXG7;
				INFOPLIST_FILE = "ToDo ListTests/Info.plist";
				IPHONEOS_DEPLOYMENT_TARGET = 14.5;
				LD_RUNPATH_SEARCH_PATHS = (
					"$(inherited)",
					"@executable_path/Frameworks",
					"@loader_path/Frameworks",
				);
				PRODUCT_BUNDLE_IDENTIFIER = "gage.ToDo-ListTests";
				PRODUCT_NAME = "$(TARGET_NAME)";
				SWIFT_VERSION = 5.0;
				TARGETED_DEVICE_FAMILY = "1,2";
				TEST_HOST = "$(BUILT_PRODUCTS_DIR)/ToDo List.app/ToDo List";
			};
			name = Debug;
		};
		D45DDFC42701FB5500BEE28E /* Release */ = {
			isa = XCBuildConfiguration;
			buildSettings = {
				ALWAYS_EMBED_SWIFT_STANDARD_LIBRARIES = YES;
				BUNDLE_LOADER = "$(TEST_HOST)";
				CODE_SIGN_STYLE = Automatic;
				DEVELOPMENT_TEAM = H994GCMXG7;
				INFOPLIST_FILE = "ToDo ListTests/Info.plist";
				IPHONEOS_DEPLOYMENT_TARGET = 14.5;
				LD_RUNPATH_SEARCH_PATHS = (
					"$(inherited)",
					"@executable_path/Frameworks",
					"@loader_path/Frameworks",
				);
				PRODUCT_BUNDLE_IDENTIFIER = "gage.ToDo-ListTests";
				PRODUCT_NAME = "$(TARGET_NAME)";
				SWIFT_VERSION = 5.0;
				TARGETED_DEVICE_FAMILY = "1,2";
				TEST_HOST = "$(BUILT_PRODUCTS_DIR)/ToDo List.app/ToDo List";
			};
			name = Release;
		};
		D45DDFC62701FB5500BEE28E /* Debug */ = {
			isa = XCBuildConfiguration;
			buildSettings = {
				ALWAYS_EMBED_SWIFT_STANDARD_LIBRARIES = YES;
				CODE_SIGN_STYLE = Automatic;
				DEVELOPMENT_TEAM = H994GCMXG7;
				INFOPLIST_FILE = "ToDo ListUITests/Info.plist";
				LD_RUNPATH_SEARCH_PATHS = (
					"$(inherited)",
					"@executable_path/Frameworks",
					"@loader_path/Frameworks",
				);
				PRODUCT_BUNDLE_IDENTIFIER = "gage.ToDo-ListUITests";
				PRODUCT_NAME = "$(TARGET_NAME)";
				SWIFT_VERSION = 5.0;
				TARGETED_DEVICE_FAMILY = "1,2";
				TEST_TARGET_NAME = "ToDo List";
			};
			name = Debug;
		};
		D45DDFC72701FB5500BEE28E /* Release */ = {
			isa = XCBuildConfiguration;
			buildSettings = {
				ALWAYS_EMBED_SWIFT_STANDARD_LIBRARIES = YES;
				CODE_SIGN_STYLE = Automatic;
				DEVELOPMENT_TEAM = H994GCMXG7;
				INFOPLIST_FILE = "ToDo ListUITests/Info.plist";
				LD_RUNPATH_SEARCH_PATHS = (
					"$(inherited)",
					"@executable_path/Frameworks",
					"@loader_path/Frameworks",
				);
				PRODUCT_BUNDLE_IDENTIFIER = "gage.ToDo-ListUITests";
				PRODUCT_NAME = "$(TARGET_NAME)";
				SWIFT_VERSION = 5.0;
				TARGETED_DEVICE_FAMILY = "1,2";
				TEST_TARGET_NAME = "ToDo List";
			};
			name = Release;
		};
/* End XCBuildConfiguration section */

/* Begin XCConfigurationList section */
		D45DDF902701FB5300BEE28E /* Build configuration list for PBXProject "ToDo List" */ = {
			isa = XCConfigurationList;
			buildConfigurations = (
				D45DDFBD2701FB5500BEE28E /* Debug */,
				D45DDFBE2701FB5500BEE28E /* Release */,
			);
			defaultConfigurationIsVisible = 0;
			defaultConfigurationName = Release;
		};
		D45DDFBF2701FB5500BEE28E /* Build configuration list for PBXNativeTarget "ToDo List" */ = {
			isa = XCConfigurationList;
			buildConfigurations = (
				D45DDFC02701FB5500BEE28E /* Debug */,
				D45DDFC12701FB5500BEE28E /* Release */,
			);
			defaultConfigurationIsVisible = 0;
			defaultConfigurationName = Release;
		};
		D45DDFC22701FB5500BEE28E /* Build configuration list for PBXNativeTarget "ToDo ListTests" */ = {
			isa = XCConfigurationList;
			buildConfigurations = (
				D45DDFC32701FB5500BEE28E /* Debug */,
				D45DDFC42701FB5500BEE28E /* Release */,
			);
			defaultConfigurationIsVisible = 0;
			defaultConfigurationName = Release;
		};
		D45DDFC52701FB5500BEE28E /* Build configuration list for PBXNativeTarget "ToDo ListUITests" */ = {
			isa = XCConfigurationList;
			buildConfigurations = (
				D45DDFC62701FB5500BEE28E /* Debug */,
				D45DDFC72701FB5500BEE28E /* Release */,
			);
			defaultConfigurationIsVisible = 0;
			defaultConfigurationName = Release;
		};
/* End XCConfigurationList section */
	};
	rootObject = D45DDF8D2701FB5300BEE28E /* Project object */;
}
